
Microsoft Visual Studio Solution File, Format Version 12.00
# Visual Studio Version 17
VisualStudioVersion = 17.8.34309.116
MinimumVisualStudioVersion = 10.0.40219.1
Project("{9A19103F-16F7-4668-BE54-9A1E7A4F7556}") = "Asset Viewing Tool", "Asset Viewing Tool\Asset Viewing Tool.csproj", "{A13C783E-D6BE-4540-8C7C-0EAC53946F5A}"
EndProject
Project("{FAE04EC0-301F-11D3-BF4B-00C04F79EFBC}") = "Asset Viewing ToolTests1", "Asset Viewing ToolTests1\Asset Viewing ToolTests1.csproj", "{F4C03B31-4231-4D7E-9773-82DA79D4A383}"
EndProject
Global
	GlobalSection(SolutionConfigurationPlatforms) = preSolution
		Debug|Any CPU = Debug|Any CPU
		Release|Any CPU = Release|Any CPU
	EndGlobalSection
	GlobalSection(ProjectConfigurationPlatforms) = postSolution
		{A13C783E-D6BE-4540-8C7C-0EAC53946F5A}.Debug|Any CPU.ActiveCfg = Debug|Any CPU
		{A13C783E-D6BE-4540-8C7C-0EAC53946F5A}.Debug|Any CPU.Build.0 = Debug|Any CPU
		{A13C783E-D6BE-4540-8C7C-0EAC53946F5A}.Release|Any CPU.ActiveCfg = Release|Any CPU
		{A13C783E-D6BE-4540-8C7C-0EAC53946F5A}.Release|Any CPU.Build.0 = Release|Any CPU
		{F4C03B31-4231-4D7E-9773-82DA79D4A383}.Debug|Any CPU.ActiveCfg = Debug|Any CPU
		{F4C03B31-4231-4D7E-9773-82DA79D4A383}.Debug|Any CPU.Build.0 = Debug|Any CPU
		{F4C03B31-4231-4D7E-9773-82DA79D4A383}.Release|Any CPU.ActiveCfg = Release|Any CPU
		{F4C03B31-4231-4D7E-9773-82DA79D4A383}.Release|Any CPU.Build.0 = Release|Any CPU
	EndGlobalSection
	GlobalSection(SolutionProperties) = preSolution
		HideSolutionNode = FALSE
	EndGlobalSection
	GlobalSection(ExtensibilityGlobals) = postSolution
		SolutionGuid = {21D4043C-10BB-4BA1-A22F-5A2F0EDCBE4C}
	EndGlobalSection
EndGlobal
